# This file is autogenerated, do not edit; changes may be undone by the next 'dep ensure'.


[[projects]]
  branch = "master"
  name = "github.com/BurntSushi/xgb"
  packages = [
    ".",
    "xproto"
  ]
  revision = "27f122750802c950b2c869a5b63dafcf590ced95"

[[projects]]
  branch = "master"
  name = "github.com/vova616/screenshot"
  packages = ["."]
  revision = "1a664a5e77021c37592470a50f8402f44db08893"

[solve-meta]
  analyzer-name = "dep"
  analyzer-version = 1
  inputs-digest = "6847e2fcea4abadcc6fe7986c722ff2ac83131879be8725d73334e461f0643a7"
  solver-name = "gps-cdcl"
  solver-version = 1
